
Microsoft Visual Studio Solution File, Format Version 12.00
# Visual Studio Version 16
VisualStudioVersion = 16.0.31402.337
MinimumVisualStudioVersion = 10.0.40219.1
Project("{FAE04EC0-301F-11D3-BF4B-00C04F79EFBC}") = "Factory", "Factory\Factory.csproj", "{A2058703-8AA4-4573-A4B3-5ECFD8428982}"
EndProject
Global
	GlobalSection(SolutionConfigurationPlatforms) = preSolution
		Debug|Any CPU = Debug|Any CPU
		Release|Any CPU = Release|Any CPU
	EndGlobalSection
	GlobalSection(ProjectConfigurationPlatforms) = postSolution
		{A2058703-8AA4-4573-A4B3-5ECFD8428982}.Debug|Any CPU.ActiveCfg = Debug|Any CPU
		{A2058703-8AA4-4573-A4B3-5ECFD8428982}.Debug|Any CPU.Build.0 = Debug|Any CPU
		{A2058703-8AA4-4573-A4B3-5ECFD8428982}.Release|Any CPU.ActiveCfg = Release|Any CPU
		{A2058703-8AA4-4573-A4B3-5ECFD8428982}.Release|Any CPU.Build.0 = Release|Any CPU
	EndGlobalSection
	GlobalSection(SolutionProperties) = preSolution
		HideSolutionNode = FALSE
	EndGlobalSection
	GlobalSection(ExtensibilityGlobals) = postSolution
		SolutionGuid = {4F225334-C7DE-40ED-B1E9-48F65173D829}
	EndGlobalSection
EndGlobal
