
Microsoft Visual Studio Solution File, Format Version 12.00
# Visual Studio Version 16
VisualStudioVersion = 16.0.31402.337
MinimumVisualStudioVersion = 10.0.40219.1
Project("{FAE04EC0-301F-11D3-BF4B-00C04F79EFBC}") = "NotifyIconGUI", "NotifyIconGUI\NotifyIconGUI.csproj", "{66CB006D-1236-4264-87C1-3D2D1B12788E}"
EndProject
Global
	GlobalSection(SolutionConfigurationPlatforms) = preSolution
		Debug|Any CPU = Debug|Any CPU
		Release|Any CPU = Release|Any CPU
	EndGlobalSection
	GlobalSection(ProjectConfigurationPlatforms) = postSolution
		{66CB006D-1236-4264-87C1-3D2D1B12788E}.Debug|Any CPU.ActiveCfg = Debug|Any CPU
		{66CB006D-1236-4264-87C1-3D2D1B12788E}.Debug|Any CPU.Build.0 = Debug|Any CPU
		{66CB006D-1236-4264-87C1-3D2D1B12788E}.Release|Any CPU.ActiveCfg = Release|Any CPU
		{66CB006D-1236-4264-87C1-3D2D1B12788E}.Release|Any CPU.Build.0 = Release|Any CPU
	EndGlobalSection
	GlobalSection(SolutionProperties) = preSolution
		HideSolutionNode = FALSE
	EndGlobalSection
	GlobalSection(ExtensibilityGlobals) = postSolution
		SolutionGuid = {11B6CAD9-8CFB-4CE9-AD58-A4E350B08AF8}
	EndGlobalSection
EndGlobal
