
Microsoft Visual Studio Solution File, Format Version 12.00
# Visual Studio Version 16
VisualStudioVersion = 16.0.31402.337
MinimumVisualStudioVersion = 10.0.40219.1
Project("{FAE04EC0-301F-11D3-BF4B-00C04F79EFBC}") = "ContextMenuGUI", "ContextMenuGUI\ContextMenuGUI.csproj", "{65F069E5-3393-4F25-A2A8-F31FB258D2D1}"
EndProject
Global
	GlobalSection(SolutionConfigurationPlatforms) = preSolution
		Debug|Any CPU = Debug|Any CPU
		Release|Any CPU = Release|Any CPU
	EndGlobalSection
	GlobalSection(ProjectConfigurationPlatforms) = postSolution
		{65F069E5-3393-4F25-A2A8-F31FB258D2D1}.Debug|Any CPU.ActiveCfg = Debug|Any CPU
		{65F069E5-3393-4F25-A2A8-F31FB258D2D1}.Debug|Any CPU.Build.0 = Debug|Any CPU
		{65F069E5-3393-4F25-A2A8-F31FB258D2D1}.Release|Any CPU.ActiveCfg = Release|Any CPU
		{65F069E5-3393-4F25-A2A8-F31FB258D2D1}.Release|Any CPU.Build.0 = Release|Any CPU
	EndGlobalSection
	GlobalSection(SolutionProperties) = preSolution
		HideSolutionNode = FALSE
	EndGlobalSection
	GlobalSection(ExtensibilityGlobals) = postSolution
		SolutionGuid = {462099F7-AD58-447F-B5C9-C5F318D57FAA}
	EndGlobalSection
EndGlobal
