
Microsoft Visual Studio Solution File, Format Version 12.00
# Visual Studio Version 16
VisualStudioVersion = 16.0.31402.337
MinimumVisualStudioVersion = 10.0.40219.1
Project("{FAE04EC0-301F-11D3-BF4B-00C04F79EFBC}") = "ComboBoxGUI", "ComboBoxGUI\ComboBoxGUI.csproj", "{87054243-25A0-4EF2-89F4-D1A5601EE826}"
EndProject
Global
	GlobalSection(SolutionConfigurationPlatforms) = preSolution
		Debug|Any CPU = Debug|Any CPU
		Release|Any CPU = Release|Any CPU
	EndGlobalSection
	GlobalSection(ProjectConfigurationPlatforms) = postSolution
		{87054243-25A0-4EF2-89F4-D1A5601EE826}.Debug|Any CPU.ActiveCfg = Debug|Any CPU
		{87054243-25A0-4EF2-89F4-D1A5601EE826}.Debug|Any CPU.Build.0 = Debug|Any CPU
		{87054243-25A0-4EF2-89F4-D1A5601EE826}.Release|Any CPU.ActiveCfg = Release|Any CPU
		{87054243-25A0-4EF2-89F4-D1A5601EE826}.Release|Any CPU.Build.0 = Release|Any CPU
	EndGlobalSection
	GlobalSection(SolutionProperties) = preSolution
		HideSolutionNode = FALSE
	EndGlobalSection
	GlobalSection(ExtensibilityGlobals) = postSolution
		SolutionGuid = {905B6812-78AC-41DF-95DB-D9A6173045A0}
	EndGlobalSection
EndGlobal
