
Microsoft Visual Studio Solution File, Format Version 12.00
# Visual Studio Version 16
VisualStudioVersion = 16.0.31402.337
MinimumVisualStudioVersion = 10.0.40219.1
Project("{FAE04EC0-301F-11D3-BF4B-00C04F79EFBC}") = "Label-GroupBox-CheckBox", "Label-GroupBox-CheckBox\Label-GroupBox-CheckBox.csproj", "{94281713-9F4F-48E5-B4F1-E41EAA4DBDBF}"
EndProject
Global
	GlobalSection(SolutionConfigurationPlatforms) = preSolution
		Debug|Any CPU = Debug|Any CPU
		Release|Any CPU = Release|Any CPU
	EndGlobalSection
	GlobalSection(ProjectConfigurationPlatforms) = postSolution
		{94281713-9F4F-48E5-B4F1-E41EAA4DBDBF}.Debug|Any CPU.ActiveCfg = Debug|Any CPU
		{94281713-9F4F-48E5-B4F1-E41EAA4DBDBF}.Debug|Any CPU.Build.0 = Debug|Any CPU
		{94281713-9F4F-48E5-B4F1-E41EAA4DBDBF}.Release|Any CPU.ActiveCfg = Release|Any CPU
		{94281713-9F4F-48E5-B4F1-E41EAA4DBDBF}.Release|Any CPU.Build.0 = Release|Any CPU
	EndGlobalSection
	GlobalSection(SolutionProperties) = preSolution
		HideSolutionNode = FALSE
	EndGlobalSection
	GlobalSection(ExtensibilityGlobals) = postSolution
		SolutionGuid = {C58F5CAB-543D-47F1-9036-C3363BB93C9D}
	EndGlobalSection
EndGlobal
