
Microsoft Visual Studio Solution File, Format Version 12.00
# Visual Studio Version 16
VisualStudioVersion = 16.0.31321.278
MinimumVisualStudioVersion = 10.0.40219.1
Project("{FAE04EC0-301F-11D3-BF4B-00C04F79EFBC}") = "MessageBoxGUI", "MessageBoxGUI\MessageBoxGUI.csproj", "{923A2F57-3503-480F-8498-BA37B205D55B}"
EndProject
Global
	GlobalSection(SolutionConfigurationPlatforms) = preSolution
		Debug|Any CPU = Debug|Any CPU
		Release|Any CPU = Release|Any CPU
	EndGlobalSection
	GlobalSection(ProjectConfigurationPlatforms) = postSolution
		{923A2F57-3503-480F-8498-BA37B205D55B}.Debug|Any CPU.ActiveCfg = Debug|Any CPU
		{923A2F57-3503-480F-8498-BA37B205D55B}.Debug|Any CPU.Build.0 = Debug|Any CPU
		{923A2F57-3503-480F-8498-BA37B205D55B}.Release|Any CPU.ActiveCfg = Release|Any CPU
		{923A2F57-3503-480F-8498-BA37B205D55B}.Release|Any CPU.Build.0 = Release|Any CPU
	EndGlobalSection
	GlobalSection(SolutionProperties) = preSolution
		HideSolutionNode = FALSE
	EndGlobalSection
	GlobalSection(ExtensibilityGlobals) = postSolution
		SolutionGuid = {6935FE45-BBC5-4D3D-BD5C-2CD4E4AE6E84}
	EndGlobalSection
EndGlobal
